<?xml version="1.0" encoding="utf-8"?>
<Project ToolsVersion="4.0" xmlns="http://schemas.microsoft.com/developer/msbuild/2003">
  <ItemGroup>
    <Filter Include="Source Files">
      <UniqueIdentifier>{4FC737F1-C7A5-4376-A066-2A32D752A2FF}</UniqueIdentifier>
      <Extensions>cpp;c;cc;cxx;c++;cppm;ixx;def;odl;idl;hpj;bat;asm;asmx</Extensions>
    </Filter>
    <Filter Include="Header Files">
      <UniqueIdentifier>{93995380-89BD-4b04-88EB-625FBE52EBFB}</UniqueIdentifier>
      <Extensions>h;hh;hpp;hxx;h++;hm;inl;inc;ipp;xsd</Extensions>
    </Filter>
    <Filter Include="Resource Files">
      <UniqueIdentifier>{67DA6AB6-F800-4c08-8B7A-83BB121AAD01}</UniqueIdentifier>
      <Extensions>rc;ico;cur;bmp;dlg;rc2;rct;bin;rgs;gif;jpg;jpeg;jpe;resx;tiff;tif;png;wav;mfcribbon-ms</Extensions>
    </Filter>
    <Filter Include="Header Files\audio">
      <UniqueIdentifier>{15b4ca25-64cf-4841-9a83-1fde4fbac367}</UniqueIdentifier>
    </Filter>
    <Filter Include="Source Files\audio">
      <UniqueIdentifier>{1b1c31f0-1d60-4316-904b-4787924d4adf}</UniqueIdentifier>
    </Filter>
    <Filter Include="Source Files\imgui">
      <UniqueIdentifier>{9060223e-5f17-4c11-8817-ceac6d6378a6}</UniqueIdentifier>
    </Filter>
    <Filter Include="Source Files\glad">
      <UniqueIdentifier>{9b422e8c-eb4a-4c9f-9ccd-efda804ec4dc}</UniqueIdentifier>
    </Filter>
  </ItemGroup>
  <ItemGroup>
    <ClCompile Include="src\AudioImGuiWindow.cpp">
      <Filter>Source Files</Filter>
    </ClCompile>
    <ClCompile Include="src\AudioSDLWindow.cpp">
      <Filter>Source Files</Filter>
    </ClCompile>
    <ClCompile Include="src\main.cpp">
      <Filter>Source Files</Filter>
    </ClCompile>
    <ClCompile Include="src\Audio\AudioSystem.cpp">
      <Filter>Source Files\audio</Filter>
    </ClCompile>
    <ClCompile Include="src\Audio\WaveFile.cpp">
      <Filter>Source Files\audio</Filter>
    </ClCompile>
    <ClCompile Include="src\Audio\XAudio2Channel.cpp">
      <Filter>Source Files\audio</Filter>
    </ClCompile>
    <ClCompile Include="..\external\src\imgui\imgui.cpp">
      <Filter>Source Files\imgui</Filter>
    </ClCompile>
    <ClCompile Include="..\external\src\imgui\imgui_demo.cpp">
      <Filter>Source Files\imgui</Filter>
    </ClCompile>
    <ClCompile Include="..\external\src\imgui\imgui_draw.cpp">
      <Filter>Source Files\imgui</Filter>
    </ClCompile>
    <ClCompile Include="..\external\src\imgui\imgui_tables.cpp">
      <Filter>Source Files\imgui</Filter>
    </ClCompile>
    <ClCompile Include="..\external\src\imgui\imgui_widgets.cpp">
      <Filter>Source Files\imgui</Filter>
    </ClCompile>
    <ClCompile Include="..\external\src\imgui\backends\imgui_impl_opengl3.cpp">
      <Filter>Source Files\imgui</Filter>
    </ClCompile>
    <ClCompile Include="..\external\src\imgui\backends\imgui_impl_sdl.cpp">
      <Filter>Source Files\imgui</Filter>
    </ClCompile>
    <ClCompile Include="..\external\src\glad\glad.c">
      <Filter>Source Files\glad</Filter>
    </ClCompile>
    <ClCompile Include="src\Audio\Logger.cpp">
      <Filter>Source Files\audio</Filter>
    </ClCompile>
    <ClCompile Include="src\Audio\WavConverter.cpp">
      <Filter>Source Files\audio</Filter>
    </ClCompile>
    <ClCompile Include="src\Audio\Effects.cpp">
      <Filter>Source Files\audio</Filter>
    </ClCompile>
    <ClCompile Include="src\Audio\math.cpp">
      <Filter>Source Files\audio</Filter>
    </ClCompile>
  </ItemGroup>
  <ItemGroup>
    <ClInclude Include="include\AudioImGuiWindow.h">
      <Filter>Header Files</Filter>
    </ClInclude>
    <ClInclude Include="include\AudioSDLWindow.h">
      <Filter>Header Files</Filter>
    </ClInclude>
    <ClInclude Include="include\Audio\AudioSystem.h">
      <Filter>Header Files\audio</Filter>
    </ClInclude>
    <ClInclude Include="include\Audio\WaveFile.h">
      <Filter>Header Files\audio</Filter>
    </ClInclude>
    <ClInclude Include="include\Audio\WavFormat.h">
      <Filter>Header Files\audio</Filter>
    </ClInclude>
    <ClInclude Include="include\Audio\XAudio2Callback.h">
      <Filter>Header Files\audio</Filter>
    </ClInclude>
    <ClInclude Include="include\Audio\XAudio2Channel.h">
      <Filter>Header Files\audio</Filter>
    </ClInclude>
    <ClInclude Include="include\ImguiWindowStruct.h">
      <Filter>Header Files</Filter>
    </ClInclude>
    <ClInclude Include="include\Audio\Logger.h">
      <Filter>Header Files\audio</Filter>
    </ClInclude>
    <ClInclude Include="include\Audio\WavConverter.h">
      <Filter>Header Files\audio</Filter>
    </ClInclude>
    <ClInclude Include="include\Audio\uint24_t.h">
      <Filter>Header Files\audio</Filter>
    </ClInclude>
    <ClInclude Include="include\Audio\Effects.h">
      <Filter>Header Files\audio</Filter>
    </ClInclude>
    <ClInclude Include="include\Audio\SoundHandle.h">
      <Filter>Header Files\audio</Filter>
    </ClInclude>
    <ClInclude Include="include\Audio\math.h">
      <Filter>Header Files\audio</Filter>
    </ClInclude>
  </ItemGroup>
</Project>